
Microsoft Visual Studio Solution File, Format Version 12.00
# Visual Studio Version 17
VisualStudioVersion = 17.6.33815.320
MinimumVisualStudioVersion = 10.0.40219.1
Project("{FAE04EC0-301F-11D3-BF4B-00C04F79EFBC}") = "01.Vehicle", "01.Vehicle\01.Vehicle.csproj", "{C44C7C15-28A9-4BB8-BC12-D8E83137FA31}"
EndProject
Project("{FAE04EC0-301F-11D3-BF4B-00C04F79EFBC}") = "02.VehiclesExtension", "02.VehiclesExtension\02.VehiclesExtension.csproj", "{9EAC4CA5-D141-4B47-80C1-5A6DF918FAEC}"
EndProject
Project("{FAE04EC0-301F-11D3-BF4B-00C04F79EFBC}") = "03.Raiding", "03.Raiding\03.Raiding.csproj", "{0E6D156E-FDE0-4E49-A899-7709B150FEA6}"
EndProject
Project("{FAE04EC0-301F-11D3-BF4B-00C04F79EFBC}") = "04.WildFarm", "04.WildFarm\04.WildFarm.csproj", "{2DF6C1CC-BEAA-43A3-BD65-9544CA02DB62}"
EndProject
Global
	GlobalSection(SolutionConfigurationPlatforms) = preSolution
		Debug|Any CPU = Debug|Any CPU
		Release|Any CPU = Release|Any CPU
	EndGlobalSection
	GlobalSection(ProjectConfigurationPlatforms) = postSolution
		{C44C7C15-28A9-4BB8-BC12-D8E83137FA31}.Debug|Any CPU.ActiveCfg = Debug|Any CPU
		{C44C7C15-28A9-4BB8-BC12-D8E83137FA31}.Debug|Any CPU.Build.0 = Debug|Any CPU
		{C44C7C15-28A9-4BB8-BC12-D8E83137FA31}.Release|Any CPU.ActiveCfg = Release|Any CPU
		{C44C7C15-28A9-4BB8-BC12-D8E83137FA31}.Release|Any CPU.Build.0 = Release|Any CPU
		{9EAC4CA5-D141-4B47-80C1-5A6DF918FAEC}.Debug|Any CPU.ActiveCfg = Debug|Any CPU
		{9EAC4CA5-D141-4B47-80C1-5A6DF918FAEC}.Debug|Any CPU.Build.0 = Debug|Any CPU
		{9EAC4CA5-D141-4B47-80C1-5A6DF918FAEC}.Release|Any CPU.ActiveCfg = Release|Any CPU
		{9EAC4CA5-D141-4B47-80C1-5A6DF918FAEC}.Release|Any CPU.Build.0 = Release|Any CPU
		{0E6D156E-FDE0-4E49-A899-7709B150FEA6}.Debug|Any CPU.ActiveCfg = Debug|Any CPU
		{0E6D156E-FDE0-4E49-A899-7709B150FEA6}.Debug|Any CPU.Build.0 = Debug|Any CPU
		{0E6D156E-FDE0-4E49-A899-7709B150FEA6}.Release|Any CPU.ActiveCfg = Release|Any CPU
		{0E6D156E-FDE0-4E49-A899-7709B150FEA6}.Release|Any CPU.Build.0 = Release|Any CPU
		{2DF6C1CC-BEAA-43A3-BD65-9544CA02DB62}.Debug|Any CPU.ActiveCfg = Debug|Any CPU
		{2DF6C1CC-BEAA-43A3-BD65-9544CA02DB62}.Debug|Any CPU.Build.0 = Debug|Any CPU
		{2DF6C1CC-BEAA-43A3-BD65-9544CA02DB62}.Release|Any CPU.ActiveCfg = Release|Any CPU
		{2DF6C1CC-BEAA-43A3-BD65-9544CA02DB62}.Release|Any CPU.Build.0 = Release|Any CPU
	EndGlobalSection
	GlobalSection(SolutionProperties) = preSolution
		HideSolutionNode = FALSE
	EndGlobalSection
	GlobalSection(ExtensibilityGlobals) = postSolution
		SolutionGuid = {612E31F4-4FC9-4C49-84C8-7BCED194FD3B}
	EndGlobalSection
EndGlobal
