
Microsoft Visual Studio Solution File, Format Version 12.00
# Visual Studio Version 17
VisualStudioVersion = 17.6.33815.320
MinimumVisualStudioVersion = 10.0.40219.1
Project("{FAE04EC0-301F-11D3-BF4B-00C04F79EFBC}") = "01.Persons", "01.Persons\01.Persons.csproj", "{E8A9714D-E537-4EA4-B1F9-F2D92ED613FC}"
EndProject
Project("{FAE04EC0-301F-11D3-BF4B-00C04F79EFBC}") = "02.Salary", "02.Salary\02.Salary.csproj", "{42E60BAF-A628-4E72-8A48-02B9DB7682D8}"
EndProject
Project("{FAE04EC0-301F-11D3-BF4B-00C04F79EFBC}") = "03.Validation", "03.Validation\03.Validation.csproj", "{2A6BA028-BAA6-4DE2-BBA1-D34248A11E25}"
EndProject
Project("{FAE04EC0-301F-11D3-BF4B-00C04F79EFBC}") = "04.Team", "04.Team\04.Team.csproj", "{881CB5EB-18CD-42B1-A744-E45AF58281FF}"
EndProject
Global
	GlobalSection(SolutionConfigurationPlatforms) = preSolution
		Debug|Any CPU = Debug|Any CPU
		Release|Any CPU = Release|Any CPU
	EndGlobalSection
	GlobalSection(ProjectConfigurationPlatforms) = postSolution
		{E8A9714D-E537-4EA4-B1F9-F2D92ED613FC}.Debug|Any CPU.ActiveCfg = Debug|Any CPU
		{E8A9714D-E537-4EA4-B1F9-F2D92ED613FC}.Debug|Any CPU.Build.0 = Debug|Any CPU
		{E8A9714D-E537-4EA4-B1F9-F2D92ED613FC}.Release|Any CPU.ActiveCfg = Release|Any CPU
		{E8A9714D-E537-4EA4-B1F9-F2D92ED613FC}.Release|Any CPU.Build.0 = Release|Any CPU
		{42E60BAF-A628-4E72-8A48-02B9DB7682D8}.Debug|Any CPU.ActiveCfg = Debug|Any CPU
		{42E60BAF-A628-4E72-8A48-02B9DB7682D8}.Debug|Any CPU.Build.0 = Debug|Any CPU
		{42E60BAF-A628-4E72-8A48-02B9DB7682D8}.Release|Any CPU.ActiveCfg = Release|Any CPU
		{42E60BAF-A628-4E72-8A48-02B9DB7682D8}.Release|Any CPU.Build.0 = Release|Any CPU
		{2A6BA028-BAA6-4DE2-BBA1-D34248A11E25}.Debug|Any CPU.ActiveCfg = Debug|Any CPU
		{2A6BA028-BAA6-4DE2-BBA1-D34248A11E25}.Debug|Any CPU.Build.0 = Debug|Any CPU
		{2A6BA028-BAA6-4DE2-BBA1-D34248A11E25}.Release|Any CPU.ActiveCfg = Release|Any CPU
		{2A6BA028-BAA6-4DE2-BBA1-D34248A11E25}.Release|Any CPU.Build.0 = Release|Any CPU
		{881CB5EB-18CD-42B1-A744-E45AF58281FF}.Debug|Any CPU.ActiveCfg = Debug|Any CPU
		{881CB5EB-18CD-42B1-A744-E45AF58281FF}.Debug|Any CPU.Build.0 = Debug|Any CPU
		{881CB5EB-18CD-42B1-A744-E45AF58281FF}.Release|Any CPU.ActiveCfg = Release|Any CPU
		{881CB5EB-18CD-42B1-A744-E45AF58281FF}.Release|Any CPU.Build.0 = Release|Any CPU
	EndGlobalSection
	GlobalSection(SolutionProperties) = preSolution
		HideSolutionNode = FALSE
	EndGlobalSection
	GlobalSection(ExtensibilityGlobals) = postSolution
		SolutionGuid = {7AB41B22-0E7C-46EA-A0C6-5E89182ECF48}
	EndGlobalSection
EndGlobal
